// !$*UTF8*$!
{
	archiveVersion = 1;
	classes = {
	};
	objectVersion = 56;
	objects = {

/* Begin PBXBuildFile section */
		CCAD71A02AC14B8B00AAF1F5 /* UIScreen.swift in Sources */ = {isa = PBXBuildFile; fileRef = CCAD719F2AC14B8B00AAF1F5 /* UIScreen.swift */; };
		CCAD71A22AC2794A00AAF1F5 /* ColorPokemonResponse.swift in Sources */ = {isa = PBXBuildFile; fileRef = CCAD71A12AC2794A00AAF1F5 /* ColorPokemonResponse.swift */; };
		CCAD71A42AC2801C00AAF1F5 /* Color.swift in Sources */ = {isa = PBXBuildFile; fileRef = CCAD71A32AC2801C00AAF1F5 /* Color.swift */; };
		CCD173752ABD748500A3F716 /* ListPokemon.swift in Sources */ = {isa = PBXBuildFile; fileRef = CCD173742ABD748500A3F716 /* ListPokemon.swift */; };
		CCD173782ABD76DD00A3F716 /* Sequence+asyncForEach.swift in Sources */ = {isa = PBXBuildFile; fileRef = CCD173772ABD76DD00A3F716 /* Sequence+asyncForEach.swift */; };
		CCD1737A2ABD7AC400A3F716 /* HomeViewModel.swift in Sources */ = {isa = PBXBuildFile; fileRef = CCD173792ABD7AC400A3F716 /* HomeViewModel.swift */; };
		CCE4DFD42ABAED6D00E765F1 /* PokemonApp.swift in Sources */ = {isa = PBXBuildFile; fileRef = CCE4DFD32ABAED6D00E765F1 /* PokemonApp.swift */; };
		CCE4DFD62ABAED6D00E765F1 /* HomeView.swift in Sources */ = {isa = PBXBuildFile; fileRef = CCE4DFD52ABAED6D00E765F1 /* HomeView.swift */; };
		CCE4DFD82ABAED7000E765F1 /* Assets.xcassets in Resources */ = {isa = PBXBuildFile; fileRef = CCE4DFD72ABAED7000E765F1 /* Assets.xcassets */; };
		CCE4DFDB2ABAED7000E765F1 /* Preview Assets.xcassets in Resources */ = {isa = PBXBuildFile; fileRef = CCE4DFDA2ABAED7000E765F1 /* Preview Assets.xcassets */; };
		CCE4DFE52ABAED7000E765F1 /* PokemonTests.swift in Sources */ = {isa = PBXBuildFile; fileRef = CCE4DFE42ABAED7000E765F1 /* PokemonTests.swift */; };
		CCE4DFEF2ABAED7000E765F1 /* PokemonUITests.swift in Sources */ = {isa = PBXBuildFile; fileRef = CCE4DFEE2ABAED7000E765F1 /* PokemonUITests.swift */; };
		CCE4DFF12ABAED7000E765F1 /* PokemonUITestsLaunchTests.swift in Sources */ = {isa = PBXBuildFile; fileRef = CCE4DFF02ABAED7000E765F1 /* PokemonUITestsLaunchTests.swift */; };
		CCE4E0042ABAF1FC00E765F1 /* ListPokemonResponse.swift in Sources */ = {isa = PBXBuildFile; fileRef = CCE4E0032ABAF1FC00E765F1 /* ListPokemonResponse.swift */; };
		CCE4E0062ABAF2BA00E765F1 /* HomeRepository.swift in Sources */ = {isa = PBXBuildFile; fileRef = CCE4E0052ABAF2BA00E765F1 /* HomeRepository.swift */; };
		CCE4E0082ABAF30500E765F1 /* HomeRepositoryDefault.swift in Sources */ = {isa = PBXBuildFile; fileRef = CCE4E0072ABAF30500E765F1 /* HomeRepositoryDefault.swift */; };
		CCE4E00B2ABAFA4700E765F1 /* HomeUseCase.swift in Sources */ = {isa = PBXBuildFile; fileRef = CCE4E00A2ABAFA4700E765F1 /* HomeUseCase.swift */; };
		CCE4E00D2ABAFA8500E765F1 /* HomeUseCaseDefault.swift in Sources */ = {isa = PBXBuildFile; fileRef = CCE4E00C2ABAFA8500E765F1 /* HomeUseCaseDefault.swift */; };
/* End PBXBuildFile section */

/* Begin PBXContainerItemProxy section */
		CCE4DFE12ABAED7000E765F1 /* PBXContainerItemProxy */ = {
			isa = PBXContainerItemProxy;
			containerPortal = CCE4DFC82ABAED6D00E765F1 /* Project object */;
			proxyType = 1;
			remoteGlobalIDString = CCE4DFCF2ABAED6D00E765F1;
			remoteInfo = Pokemon;
		};
		CCE4DFEB2ABAED7000E765F1 /* PBXContainerItemProxy */ = {
			isa = PBXContainerItemProxy;
			containerPortal = CCE4DFC82ABAED6D00E765F1 /* Project object */;
			proxyType = 1;
			remoteGlobalIDString = CCE4DFCF2ABAED6D00E765F1;
			remoteInfo = Pokemon;
		};
/* End PBXContainerItemProxy section */

/* Begin PBXFileReference section */
		CCAD719F2AC14B8B00AAF1F5 /* UIScreen.swift */ = {isa = PBXFileReference; lastKnownFileType = sourcecode.swift; path = UIScreen.swift; sourceTree = "<group>"; };
		CCAD71A12AC2794A00AAF1F5 /* ColorPokemonResponse.swift */ = {isa = PBXFileReference; lastKnownFileType = sourcecode.swift; path = ColorPokemonResponse.swift; sourceTree = "<group>"; };
		CCAD71A32AC2801C00AAF1F5 /* Color.swift */ = {isa = PBXFileReference; lastKnownFileType = sourcecode.swift; path = Color.swift; sourceTree = "<group>"; };
		CCD173742ABD748500A3F716 /* ListPokemon.swift */ = {isa = PBXFileReference; lastKnownFileType = sourcecode.swift; path = ListPokemon.swift; sourceTree = "<group>"; };
		CCD173772ABD76DD00A3F716 /* Sequence+asyncForEach.swift */ = {isa = PBXFileReference; lastKnownFileType = sourcecode.swift; path = "Sequence+asyncForEach.swift"; sourceTree = "<group>"; };
		CCD173792ABD7AC400A3F716 /* HomeViewModel.swift */ = {isa = PBXFileReference; lastKnownFileType = sourcecode.swift; path = HomeViewModel.swift; sourceTree = "<group>"; };
		CCE4DFD02ABAED6D00E765F1 /* Pokemon.app */ = {isa = PBXFileReference; explicitFileType = wrapper.application; includeInIndex = 0; path = Pokemon.app; sourceTree = BUILT_PRODUCTS_DIR; };
		CCE4DFD32ABAED6D00E765F1 /* PokemonApp.swift */ = {isa = PBXFileReference; lastKnownFileType = sourcecode.swift; path = PokemonApp.swift; sourceTree = "<group>"; };
		CCE4DFD52ABAED6D00E765F1 /* HomeView.swift */ = {isa = PBXFileReference; lastKnownFileType = sourcecode.swift; path = HomeView.swift; sourceTree = "<group>"; };
		CCE4DFD72ABAED7000E765F1 /* Assets.xcassets */ = {isa = PBXFileReference; lastKnownFileType = folder.assetcatalog; path = Assets.xcassets; sourceTree = "<group>"; };
		CCE4DFDA2ABAED7000E765F1 /* Preview Assets.xcassets */ = {isa = PBXFileReference; lastKnownFileType = folder.assetcatalog; path = "Preview Assets.xcassets"; sourceTree = "<group>"; };
		CCE4DFE02ABAED7000E765F1 /* PokemonTests.xctest */ = {isa = PBXFileReference; explicitFileType = wrapper.cfbundle; includeInIndex = 0; path = PokemonTests.xctest; sourceTree = BUILT_PRODUCTS_DIR; };
		CCE4DFE42ABAED7000E765F1 /* PokemonTests.swift */ = {isa = PBXFileReference; lastKnownFileType = sourcecode.swift; path = PokemonTests.swift; sourceTree = "<group>"; };
		CCE4DFEA2ABAED7000E765F1 /* PokemonUITests.xctest */ = {isa = PBXFileReference; explicitFileType = wrapper.cfbundle; includeInIndex = 0; path = PokemonUITests.xctest; sourceTree = BUILT_PRODUCTS_DIR; };
		CCE4DFEE2ABAED7000E765F1 /* PokemonUITests.swift */ = {isa = PBXFileReference; lastKnownFileType = sourcecode.swift; path = PokemonUITests.swift; sourceTree = "<group>"; };
		CCE4DFF02ABAED7000E765F1 /* PokemonUITestsLaunchTests.swift */ = {isa = PBXFileReference; lastKnownFileType = sourcecode.swift; path = PokemonUITestsLaunchTests.swift; sourceTree = "<group>"; };
		CCE4E0032ABAF1FC00E765F1 /* ListPokemonResponse.swift */ = {isa = PBXFileReference; lastKnownFileType = sourcecode.swift; path = ListPokemonResponse.swift; sourceTree = "<group>"; };
		CCE4E0052ABAF2BA00E765F1 /* HomeRepository.swift */ = {isa = PBXFileReference; lastKnownFileType = sourcecode.swift; path = HomeRepository.swift; sourceTree = "<group>"; };
		CCE4E0072ABAF30500E765F1 /* HomeRepositoryDefault.swift */ = {isa = PBXFileReference; lastKnownFileType = sourcecode.swift; path = HomeRepositoryDefault.swift; sourceTree = "<group>"; };
		CCE4E00A2ABAFA4700E765F1 /* HomeUseCase.swift */ = {isa = PBXFileReference; lastKnownFileType = sourcecode.swift; path = HomeUseCase.swift; sourceTree = "<group>"; };
		CCE4E00C2ABAFA8500E765F1 /* HomeUseCaseDefault.swift */ = {isa = PBXFileReference; lastKnownFileType = sourcecode.swift; path = HomeUseCaseDefault.swift; sourceTree = "<group>"; };
/* End PBXFileReference section */

/* Begin PBXFrameworksBuildPhase section */
		CCE4DFCD2ABAED6D00E765F1 /* Frameworks */ = {
			isa = PBXFrameworksBuildPhase;
			buildActionMask = 2147483647;
			files = (
			);
			runOnlyForDeploymentPostprocessing = 0;
		};
		CCE4DFDD2ABAED7000E765F1 /* Frameworks */ = {
			isa = PBXFrameworksBuildPhase;
			buildActionMask = 2147483647;
			files = (
			);
			runOnlyForDeploymentPostprocessing = 0;
		};
		CCE4DFE72ABAED7000E765F1 /* Frameworks */ = {
			isa = PBXFrameworksBuildPhase;
			buildActionMask = 2147483647;
			files = (
			);
			runOnlyForDeploymentPostprocessing = 0;
		};
/* End PBXFrameworksBuildPhase section */

/* Begin PBXGroup section */
		CCAD719E2AC14B6F00AAF1F5 /* Extension */ = {
			isa = PBXGroup;
			children = (
				CCAD719F2AC14B8B00AAF1F5 /* UIScreen.swift */,
				CCAD71A32AC2801C00AAF1F5 /* Color.swift */,
			);
			path = Extension;
			sourceTree = "<group>";
		};
		CCD173732ABD746500A3F716 /* Entities */ = {
			isa = PBXGroup;
			children = (
				CCD173742ABD748500A3F716 /* ListPokemon.swift */,
			);
			path = Entities;
			sourceTree = "<group>";
		};
		CCD173762ABD76BE00A3F716 /* Extension */ = {
			isa = PBXGroup;
			children = (
				CCD173772ABD76DD00A3F716 /* Sequence+asyncForEach.swift */,
			);
			path = Extension;
			sourceTree = "<group>";
		};
		CCE4DFC72ABAED6D00E765F1 = {
			isa = PBXGroup;
			children = (
				CCE4DFD22ABAED6D00E765F1 /* Pokemon */,
				CCE4DFE32ABAED7000E765F1 /* PokemonTests */,
				CCE4DFED2ABAED7000E765F1 /* PokemonUITests */,
				CCE4DFD12ABAED6D00E765F1 /* Products */,
			);
			sourceTree = "<group>";
		};
		CCE4DFD12ABAED6D00E765F1 /* Products */ = {
			isa = PBXGroup;
			children = (
				CCE4DFD02ABAED6D00E765F1 /* Pokemon.app */,
				CCE4DFE02ABAED7000E765F1 /* PokemonTests.xctest */,
				CCE4DFEA2ABAED7000E765F1 /* PokemonUITests.xctest */,
			);
			name = Products;
			sourceTree = "<group>";
		};
		CCE4DFD22ABAED6D00E765F1 /* Pokemon */ = {
			isa = PBXGroup;
			children = (
				CCE4E0012ABAEFE100E765F1 /* Presentation */,
				CCE4DFFD2ABAEFA000E765F1 /* Network */,
				CCE4DFD32ABAED6D00E765F1 /* PokemonApp.swift */,
				CCE4DFD72ABAED7000E765F1 /* Assets.xcassets */,
				CCE4DFD92ABAED7000E765F1 /* Preview Content */,
			);
			path = Pokemon;
			sourceTree = "<group>";
		};
		CCE4DFD92ABAED7000E765F1 /* Preview Content */ = {
			isa = PBXGroup;
			children = (
				CCE4DFDA2ABAED7000E765F1 /* Preview Assets.xcassets */,
			);
			path = "Preview Content";
			sourceTree = "<group>";
		};
		CCE4DFE32ABAED7000E765F1 /* PokemonTests */ = {
			isa = PBXGroup;
			children = (
				CCE4DFE42ABAED7000E765F1 /* PokemonTests.swift */,
			);
			path = PokemonTests;
			sourceTree = "<group>";
		};
		CCE4DFED2ABAED7000E765F1 /* PokemonUITests */ = {
			isa = PBXGroup;
			children = (
				CCE4DFEE2ABAED7000E765F1 /* PokemonUITests.swift */,
				CCE4DFF02ABAED7000E765F1 /* PokemonUITestsLaunchTests.swift */,
			);
			path = PokemonUITests;
			sourceTree = "<group>";
		};
		CCE4DFFD2ABAEFA000E765F1 /* Network */ = {
			isa = PBXGroup;
			children = (
				CCD173762ABD76BE00A3F716 /* Extension */,
				CCD173732ABD746500A3F716 /* Entities */,
				CCE4E0002ABAEFCF00E765F1 /* UseCase */,
				CCE4DFFF2ABAEFC500E765F1 /* Model */,
				CCE4DFFE2ABAEFB800E765F1 /* Repository */,
			);
			path = Network;
			sourceTree = "<group>";
		};
		CCE4DFFE2ABAEFB800E765F1 /* Repository */ = {
			isa = PBXGroup;
			children = (
				CCE4E0052ABAF2BA00E765F1 /* HomeRepository.swift */,
				CCE4E0072ABAF30500E765F1 /* HomeRepositoryDefault.swift */,
			);
			path = Repository;
			sourceTree = "<group>";
		};
		CCE4DFFF2ABAEFC500E765F1 /* Model */ = {
			isa = PBXGroup;
			children = (
				CCE4E0032ABAF1FC00E765F1 /* ListPokemonResponse.swift */,
				CCAD71A12AC2794A00AAF1F5 /* ColorPokemonResponse.swift */,
			);
			path = Model;
			sourceTree = "<group>";
		};
		CCE4E0002ABAEFCF00E765F1 /* UseCase */ = {
			isa = PBXGroup;
			children = (
				CCE4E00A2ABAFA4700E765F1 /* HomeUseCase.swift */,
				CCE4E00C2ABAFA8500E765F1 /* HomeUseCaseDefault.swift */,
			);
			path = UseCase;
			sourceTree = "<group>";
		};
		CCE4E0012ABAEFE100E765F1 /* Presentation */ = {
			isa = PBXGroup;
			children = (
				CCAD719E2AC14B6F00AAF1F5 /* Extension */,
				CCE4E0022ABAF00C00E765F1 /* HomeView */,
			);
			path = Presentation;
			sourceTree = "<group>";
		};
		CCE4E0022ABAF00C00E765F1 /* HomeView */ = {
			isa = PBXGroup;
			children = (
				CCE4DFD52ABAED6D00E765F1 /* HomeView.swift */,
				CCD173792ABD7AC400A3F716 /* HomeViewModel.swift */,
			);
			path = HomeView;
			sourceTree = "<group>";
		};
/* End PBXGroup section */

/* Begin PBXNativeTarget section */
		CCE4DFCF2ABAED6D00E765F1 /* Pokemon */ = {
			isa = PBXNativeTarget;
			buildConfigurationList = CCE4DFF42ABAED7000E765F1 /* Build configuration list for PBXNativeTarget "Pokemon" */;
			buildPhases = (
				CCE4DFCC2ABAED6D00E765F1 /* Sources */,
				CCE4DFCD2ABAED6D00E765F1 /* Frameworks */,
				CCE4DFCE2ABAED6D00E765F1 /* Resources */,
			);
			buildRules = (
			);
			dependencies = (
			);
			name = Pokemon;
			productName = Pokemon;
			productReference = CCE4DFD02ABAED6D00E765F1 /* Pokemon.app */;
			productType = "com.apple.product-type.application";
		};
		CCE4DFDF2ABAED7000E765F1 /* PokemonTests */ = {
			isa = PBXNativeTarget;
			buildConfigurationList = CCE4DFF72ABAED7000E765F1 /* Build configuration list for PBXNativeTarget "PokemonTests" */;
			buildPhases = (
				CCE4DFDC2ABAED7000E765F1 /* Sources */,
				CCE4DFDD2ABAED7000E765F1 /* Frameworks */,
				CCE4DFDE2ABAED7000E765F1 /* Resources */,
			);
			buildRules = (
			);
			dependencies = (
				CCE4DFE22ABAED7000E765F1 /* PBXTargetDependency */,
			);
			name = PokemonTests;
			productName = PokemonTests;
			productReference = CCE4DFE02ABAED7000E765F1 /* PokemonTests.xctest */;
			productType = "com.apple.product-type.bundle.unit-test";
		};
		CCE4DFE92ABAED7000E765F1 /* PokemonUITests */ = {
			isa = PBXNativeTarget;
			buildConfigurationList = CCE4DFFA2ABAED7000E765F1 /* Build configuration list for PBXNativeTarget "PokemonUITests" */;
			buildPhases = (
				CCE4DFE62ABAED7000E765F1 /* Sources */,
				CCE4DFE72ABAED7000E765F1 /* Frameworks */,
				CCE4DFE82ABAED7000E765F1 /* Resources */,
			);
			buildRules = (
			);
			dependencies = (
				CCE4DFEC2ABAED7000E765F1 /* PBXTargetDependency */,
			);
			name = PokemonUITests;
			productName = PokemonUITests;
			productReference = CCE4DFEA2ABAED7000E765F1 /* PokemonUITests.xctest */;
			productType = "com.apple.product-type.bundle.ui-testing";
		};
/* End PBXNativeTarget section */

/* Begin PBXProject section */
		CCE4DFC82ABAED6D00E765F1 /* Project object */ = {
			isa = PBXProject;
			attributes = {
				BuildIndependentTargetsInParallel = 1;
				LastSwiftUpdateCheck = 1500;
				LastUpgradeCheck = 1500;
				TargetAttributes = {
					CCE4DFCF2ABAED6D00E765F1 = {
						CreatedOnToolsVersion = 15.0;
					};
					CCE4DFDF2ABAED7000E765F1 = {
						CreatedOnToolsVersion = 15.0;
						TestTargetID = CCE4DFCF2ABAED6D00E765F1;
					};
					CCE4DFE92ABAED7000E765F1 = {
						CreatedOnToolsVersion = 15.0;
						TestTargetID = CCE4DFCF2ABAED6D00E765F1;
					};
				};
			};
			buildConfigurationList = CCE4DFCB2ABAED6D00E765F1 /* Build configuration list for PBXProject "Pokemon" */;
			compatibilityVersion = "Xcode 14.0";
			developmentRegion = en;
			hasScannedForEncodings = 0;
			knownRegions = (
				en,
				Base,
			);
			mainGroup = CCE4DFC72ABAED6D00E765F1;
			productRefGroup = CCE4DFD12ABAED6D00E765F1 /* Products */;
			projectDirPath = "";
			projectRoot = "";
			targets = (
				CCE4DFCF2ABAED6D00E765F1 /* Pokemon */,
				CCE4DFDF2ABAED7000E765F1 /* PokemonTests */,
				CCE4DFE92ABAED7000E765F1 /* PokemonUITests */,
			);
		};
/* End PBXProject section */

/* Begin PBXResourcesBuildPhase section */
		CCE4DFCE2ABAED6D00E765F1 /* Resources */ = {
			isa = PBXResourcesBuildPhase;
			buildActionMask = 2147483647;
			files = (
				CCE4DFDB2ABAED7000E765F1 /* Preview Assets.xcassets in Resources */,
				CCE4DFD82ABAED7000E765F1 /* Assets.xcassets in Resources */,
			);
			runOnlyForDeploymentPostprocessing = 0;
		};
		CCE4DFDE2ABAED7000E765F1 /* Resources */ = {
			isa = PBXResourcesBuildPhase;
			buildActionMask = 2147483647;
			files = (
			);
			runOnlyForDeploymentPostprocessing = 0;
		};
		CCE4DFE82ABAED7000E765F1 /* Resources */ = {
			isa = PBXResourcesBuildPhase;
			buildActionMask = 2147483647;
			files = (
			);
			runOnlyForDeploymentPostprocessing = 0;
		};
/* End PBXResourcesBuildPhase section */

/* Begin PBXSourcesBuildPhase section */
		CCE4DFCC2ABAED6D00E765F1 /* Sources */ = {
			isa = PBXSourcesBuildPhase;
			buildActionMask = 2147483647;
			files = (
				CCE4E00B2ABAFA4700E765F1 /* HomeUseCase.swift in Sources */,
				CCD173752ABD748500A3F716 /* ListPokemon.swift in Sources */,
				CCE4E00D2ABAFA8500E765F1 /* HomeUseCaseDefault.swift in Sources */,
				CCD1737A2ABD7AC400A3F716 /* HomeViewModel.swift in Sources */,
				CCAD71A42AC2801C00AAF1F5 /* Color.swift in Sources */,
				CCE4E0062ABAF2BA00E765F1 /* HomeRepository.swift in Sources */,
				CCE4DFD62ABAED6D00E765F1 /* HomeView.swift in Sources */,
				CCAD71A02AC14B8B00AAF1F5 /* UIScreen.swift in Sources */,
				CCE4E0082ABAF30500E765F1 /* HomeRepositoryDefault.swift in Sources */,
				CCAD71A22AC2794A00AAF1F5 /* ColorPokemonResponse.swift in Sources */,
				CCE4DFD42ABAED6D00E765F1 /* PokemonApp.swift in Sources */,
				CCE4E0042ABAF1FC00E765F1 /* ListPokemonResponse.swift in Sources */,
				CCD173782ABD76DD00A3F716 /* Sequence+asyncForEach.swift in Sources */,
			);
			runOnlyForDeploymentPostprocessing = 0;
		};
		CCE4DFDC2ABAED7000E765F1 /* Sources */ = {
			isa = PBXSourcesBuildPhase;
			buildActionMask = 2147483647;
			files = (
				CCE4DFE52ABAED7000E765F1 /* PokemonTests.swift in Sources */,
			);
			runOnlyForDeploymentPostprocessing = 0;
		};
		CCE4DFE62ABAED7000E765F1 /* Sources */ = {
			isa = PBXSourcesBuildPhase;
			buildActionMask = 2147483647;
			files = (
				CCE4DFF12ABAED7000E765F1 /* PokemonUITestsLaunchTests.swift in Sources */,
				CCE4DFEF2ABAED7000E765F1 /* PokemonUITests.swift in Sources */,
			);
			runOnlyForDeploymentPostprocessing = 0;
		};
/* End PBXSourcesBuildPhase section */

/* Begin PBXTargetDependency section */
		CCE4DFE22ABAED7000E765F1 /* PBXTargetDependency */ = {
			isa = PBXTargetDependency;
			target = CCE4DFCF2ABAED6D00E765F1 /* Pokemon */;
			targetProxy = CCE4DFE12ABAED7000E765F1 /* PBXContainerItemProxy */;
		};
		CCE4DFEC2ABAED7000E765F1 /* PBXTargetDependency */ = {
			isa = PBXTargetDependency;
			target = CCE4DFCF2ABAED6D00E765F1 /* Pokemon */;
			targetProxy = CCE4DFEB2ABAED7000E765F1 /* PBXContainerItemProxy */;
		};
/* End PBXTargetDependency section */

/* Begin XCBuildConfiguration section */
		CCE4DFF22ABAED7000E765F1 /* Debug */ = {
			isa = XCBuildConfiguration;
			buildSettings = {
				ALWAYS_SEARCH_USER_PATHS = NO;
				ASSETCATALOG_COMPILER_GENERATE_SWIFT_ASSET_SYMBOL_EXTENSIONS = YES;
				CLANG_ANALYZER_NONNULL = YES;
				CLANG_ANALYZER_NUMBER_OBJECT_CONVERSION = YES_AGGRESSIVE;
				CLANG_CXX_LANGUAGE_STANDARD = "gnu++20";
				CLANG_ENABLE_MODULES = YES;
				CLANG_ENABLE_OBJC_ARC = YES;
				CLANG_ENABLE_OBJC_WEAK = YES;
				CLANG_WARN_BLOCK_CAPTURE_AUTORELEASING = YES;
				CLANG_WARN_BOOL_CONVERSION = YES;
				CLANG_WARN_COMMA = YES;
				CLANG_WARN_CONSTANT_CONVERSION = YES;
				CLANG_WARN_DEPRECATED_OBJC_IMPLEMENTATIONS = YES;
				CLANG_WARN_DIRECT_OBJC_ISA_USAGE = YES_ERROR;
				CLANG_WARN_DOCUMENTATION_COMMENTS = YES;
				CLANG_WARN_EMPTY_BODY = YES;
				CLANG_WARN_ENUM_CONVERSION = YES;
				CLANG_WARN_INFINITE_RECURSION = YES;
				CLANG_WARN_INT_CONVERSION = YES;
				CLANG_WARN_NON_LITERAL_NULL_CONVERSION = YES;
				CLANG_WARN_OBJC_IMPLICIT_RETAIN_SELF = YES;
				CLANG_WARN_OBJC_LITERAL_CONVERSION = YES;
				CLANG_WARN_OBJC_ROOT_CLASS = YES_ERROR;
				CLANG_WARN_QUOTED_INCLUDE_IN_FRAMEWORK_HEADER = YES;
				CLANG_WARN_RANGE_LOOP_ANALYSIS = YES;
				CLANG_WARN_STRICT_PROTOTYPES = YES;
				CLANG_WARN_SUSPICIOUS_MOVE = YES;
				CLANG_WARN_UNGUARDED_AVAILABILITY = YES_AGGRESSIVE;
				CLANG_WARN_UNREACHABLE_CODE = YES;
				CLANG_WARN__DUPLICATE_METHOD_MATCH = YES;
				COPY_PHASE_STRIP = NO;
				DEBUG_INFORMATION_FORMAT = dwarf;
				ENABLE_STRICT_OBJC_MSGSEND = YES;
				ENABLE_TESTABILITY = YES;
				ENABLE_USER_SCRIPT_SANDBOXING = YES;
				GCC_C_LANGUAGE_STANDARD = gnu17;
				GCC_DYNAMIC_NO_PIC = NO;
				GCC_NO_COMMON_BLOCKS = YES;
				GCC_OPTIMIZATION_LEVEL = 0;
				GCC_PREPROCESSOR_DEFINITIONS = (
					"DEBUG=1",
					"$(inherited)",
				);
				GCC_WARN_64_TO_32_BIT_CONVERSION = YES;
				GCC_WARN_ABOUT_RETURN_TYPE = YES_ERROR;
				GCC_WARN_UNDECLARED_SELECTOR = YES;
				GCC_WARN_UNINITIALIZED_AUTOS = YES_AGGRESSIVE;
				GCC_WARN_UNUSED_FUNCTION = YES;
				GCC_WARN_UNUSED_VARIABLE = YES;
				IPHONEOS_DEPLOYMENT_TARGET = 17.0;
				LOCALIZATION_PREFERS_STRING_CATALOGS = YES;
				MTL_ENABLE_DEBUG_INFO = INCLUDE_SOURCE;
				MTL_FAST_MATH = YES;
				ONLY_ACTIVE_ARCH = YES;
				SDKROOT = iphoneos;
				SWIFT_ACTIVE_COMPILATION_CONDITIONS = "DEBUG $(inherited)";
				SWIFT_OPTIMIZATION_LEVEL = "-Onone";
			};
			name = Debug;
		};
		CCE4DFF32ABAED7000E765F1 /* Release */ = {
			isa = XCBuildConfiguration;
			buildSettings = {
				ALWAYS_SEARCH_USER_PATHS = NO;
				ASSETCATALOG_COMPILER_GENERATE_SWIFT_ASSET_SYMBOL_EXTENSIONS = YES;
				CLANG_ANALYZER_NONNULL = YES;
				CLANG_ANALYZER_NUMBER_OBJECT_CONVERSION = YES_AGGRESSIVE;
				CLANG_CXX_LANGUAGE_STANDARD = "gnu++20";
				CLANG_ENABLE_MODULES = YES;
				CLANG_ENABLE_OBJC_ARC = YES;
				CLANG_ENABLE_OBJC_WEAK = YES;
				CLANG_WARN_BLOCK_CAPTURE_AUTORELEASING = YES;
				CLANG_WARN_BOOL_CONVERSION = YES;
				CLANG_WARN_COMMA = YES;
				CLANG_WARN_CONSTANT_CONVERSION = YES;
				CLANG_WARN_DEPRECATED_OBJC_IMPLEMENTATIONS = YES;
				CLANG_WARN_DIRECT_OBJC_ISA_USAGE = YES_ERROR;
				CLANG_WARN_DOCUMENTATION_COMMENTS = YES;
				CLANG_WARN_EMPTY_BODY = YES;
				CLANG_WARN_ENUM_CONVERSION = YES;
				CLANG_WARN_INFINITE_RECURSION = YES;
				CLANG_WARN_INT_CONVERSION = YES;
				CLANG_WARN_NON_LITERAL_NULL_CONVERSION = YES;
				CLANG_WARN_OBJC_IMPLICIT_RETAIN_SELF = YES;
				CLANG_WARN_OBJC_LITERAL_CONVERSION = YES;
				CLANG_WARN_OBJC_ROOT_CLASS = YES_ERROR;
				CLANG_WARN_QUOTED_INCLUDE_IN_FRAMEWORK_HEADER = YES;
				CLANG_WARN_RANGE_LOOP_ANALYSIS = YES;
				CLANG_WARN_STRICT_PROTOTYPES = YES;
				CLANG_WARN_SUSPICIOUS_MOVE = YES;
				CLANG_WARN_UNGUARDED_AVAILABILITY = YES_AGGRESSIVE;
				CLANG_WARN_UNREACHABLE_CODE = YES;
				CLANG_WARN__DUPLICATE_METHOD_MATCH = YES;
				COPY_PHASE_STRIP = NO;
				DEBUG_INFORMATION_FORMAT = "dwarf-with-dsym";
				ENABLE_NS_ASSERTIONS = NO;
				ENABLE_STRICT_OBJC_MSGSEND = YES;
				ENABLE_USER_SCRIPT_SANDBOXING = YES;
				GCC_C_LANGUAGE_STANDARD = gnu17;
				GCC_NO_COMMON_BLOCKS = YES;
				GCC_WARN_64_TO_32_BIT_CONVERSION = YES;
				GCC_WARN_ABOUT_RETURN_TYPE = YES_ERROR;
				GCC_WARN_UNDECLARED_SELECTOR = YES;
				GCC_WARN_UNINITIALIZED_AUTOS = YES_AGGRESSIVE;
				GCC_WARN_UNUSED_FUNCTION = YES;
				GCC_WARN_UNUSED_VARIABLE = YES;
				IPHONEOS_DEPLOYMENT_TARGET = 17.0;
				LOCALIZATION_PREFERS_STRING_CATALOGS = YES;
				MTL_ENABLE_DEBUG_INFO = NO;
				MTL_FAST_MATH = YES;
				SDKROOT = iphoneos;
				SWIFT_COMPILATION_MODE = wholemodule;
				VALIDATE_PRODUCT = YES;
			};
			name = Release;
		};
		CCE4DFF52ABAED7000E765F1 /* Debug */ = {
			isa = XCBuildConfiguration;
			buildSettings = {
				ASSETCATALOG_COMPILER_APPICON_NAME = AppIcon;
				ASSETCATALOG_COMPILER_GLOBAL_ACCENT_COLOR_NAME = AccentColor;
				CODE_SIGN_STYLE = Automatic;
				CURRENT_PROJECT_VERSION = 1;
				DEVELOPMENT_ASSET_PATHS = "\"Pokemon/Preview Content\"";
				ENABLE_PREVIEWS = YES;
				GENERATE_INFOPLIST_FILE = YES;
				INFOPLIST_KEY_UIApplicationSceneManifest_Generation = YES;
				INFOPLIST_KEY_UIApplicationSupportsIndirectInputEvents = YES;
				INFOPLIST_KEY_UILaunchScreen_Generation = YES;
				INFOPLIST_KEY_UISupportedInterfaceOrientations_iPad = "UIInterfaceOrientationPortrait UIInterfaceOrientationPortraitUpsideDown UIInterfaceOrientationLandscapeLeft UIInterfaceOrientationLandscapeRight";
				INFOPLIST_KEY_UISupportedInterfaceOrientations_iPhone = "UIInterfaceOrientationPortrait UIInterfaceOrientationLandscapeLeft UIInterfaceOrientationLandscapeRight";
				LD_RUNPATH_SEARCH_PATHS = (
					"$(inherited)",
					"@executable_path/Frameworks",
				);
				MARKETING_VERSION = 1.0;
				PRODUCT_BUNDLE_IDENTIFIER = com.daffashiddiq.Pokemon;
				PRODUCT_NAME = "$(TARGET_NAME)";
				SWIFT_EMIT_LOC_STRINGS = YES;
				SWIFT_VERSION = 5.0;
				TARGETED_DEVICE_FAMILY = "1,2";
			};
			name = Debug;
		};
		CCE4DFF62ABAED7000E765F1 /* Release */ = {
			isa = XCBuildConfiguration;
			buildSettings = {
				ASSETCATALOG_COMPILER_APPICON_NAME = AppIcon;
				ASSETCATALOG_COMPILER_GLOBAL_ACCENT_COLOR_NAME = AccentColor;
				CODE_SIGN_STYLE = Automatic;
				CURRENT_PROJECT_VERSION = 1;
				DEVELOPMENT_ASSET_PATHS = "\"Pokemon/Preview Content\"";
				ENABLE_PREVIEWS = YES;
				GENERATE_INFOPLIST_FILE = YES;
				INFOPLIST_KEY_UIApplicationSceneManifest_Generation = YES;
				INFOPLIST_KEY_UIApplicationSupportsIndirectInputEvents = YES;
				INFOPLIST_KEY_UILaunchScreen_Generation = YES;
				INFOPLIST_KEY_UISupportedInterfaceOrientations_iPad = "UIInterfaceOrientationPortrait UIInterfaceOrientationPortraitUpsideDown UIInterfaceOrientationLandscapeLeft UIInterfaceOrientationLandscapeRight";
				INFOPLIST_KEY_UISupportedInterfaceOrientations_iPhone = "UIInterfaceOrientationPortrait UIInterfaceOrientationLandscapeLeft UIInterfaceOrientationLandscapeRight";
				LD_RUNPATH_SEARCH_PATHS = (
					"$(inherited)",
					"@executable_path/Frameworks",
				);
				MARKETING_VERSION = 1.0;
				PRODUCT_BUNDLE_IDENTIFIER = com.daffashiddiq.Pokemon;
				PRODUCT_NAME = "$(TARGET_NAME)";
				SWIFT_EMIT_LOC_STRINGS = YES;
				SWIFT_VERSION = 5.0;
				TARGETED_DEVICE_FAMILY = "1,2";
			};
			name = Release;
		};
		CCE4DFF82ABAED7000E765F1 /* Debug */ = {
			isa = XCBuildConfiguration;
			buildSettings = {
				ALWAYS_EMBED_SWIFT_STANDARD_LIBRARIES = YES;
				BUNDLE_LOADER = "$(TEST_HOST)";
				CODE_SIGN_STYLE = Automatic;
				CURRENT_PROJECT_VERSION = 1;
				GENERATE_INFOPLIST_FILE = YES;
				IPHONEOS_DEPLOYMENT_TARGET = 17.0;
				MARKETING_VERSION = 1.0;
				PRODUCT_BUNDLE_IDENTIFIER = com.daffashiddiq.PokemonTests;
				PRODUCT_NAME = "$(TARGET_NAME)";
				SWIFT_EMIT_LOC_STRINGS = NO;
				SWIFT_VERSION = 5.0;
				TARGETED_DEVICE_FAMILY = "1,2";
				TEST_HOST = "$(BUILT_PRODUCTS_DIR)/Pokemon.app/$(BUNDLE_EXECUTABLE_FOLDER_PATH)/Pokemon";
			};
			name = Debug;
		};
		CCE4DFF92ABAED7000E765F1 /* Release */ = {
			isa = XCBuildConfiguration;
			buildSettings = {
				ALWAYS_EMBED_SWIFT_STANDARD_LIBRARIES = YES;
				BUNDLE_LOADER = "$(TEST_HOST)";
				CODE_SIGN_STYLE = Automatic;
				CURRENT_PROJECT_VERSION = 1;
				GENERATE_INFOPLIST_FILE = YES;
				IPHONEOS_DEPLOYMENT_TARGET = 17.0;
				MARKETING_VERSION = 1.0;
				PRODUCT_BUNDLE_IDENTIFIER = com.daffashiddiq.PokemonTests;
				PRODUCT_NAME = "$(TARGET_NAME)";
				SWIFT_EMIT_LOC_STRINGS = NO;
				SWIFT_VERSION = 5.0;
				TARGETED_DEVICE_FAMILY = "1,2";
				TEST_HOST = "$(BUILT_PRODUCTS_DIR)/Pokemon.app/$(BUNDLE_EXECUTABLE_FOLDER_PATH)/Pokemon";
			};
			name = Release;
		};
		CCE4DFFB2ABAED7000E765F1 /* Debug */ = {
			isa = XCBuildConfiguration;
			buildSettings = {
				ALWAYS_EMBED_SWIFT_STANDARD_LIBRARIES = YES;
				CODE_SIGN_STYLE = Automatic;
				CURRENT_PROJECT_VERSION = 1;
				GENERATE_INFOPLIST_FILE = YES;
				MARKETING_VERSION = 1.0;
				PRODUCT_BUNDLE_IDENTIFIER = com.daffashiddiq.PokemonUITests;
				PRODUCT_NAME = "$(TARGET_NAME)";
				SWIFT_EMIT_LOC_STRINGS = NO;
				SWIFT_VERSION = 5.0;
				TARGETED_DEVICE_FAMILY = "1,2";
				TEST_TARGET_NAME = Pokemon;
			};
			name = Debug;
		};
		CCE4DFFC2ABAED7000E765F1 /* Release */ = {
			isa = XCBuildConfiguration;
			buildSettings = {
				ALWAYS_EMBED_SWIFT_STANDARD_LIBRARIES = YES;
				CODE_SIGN_STYLE = Automatic;
				CURRENT_PROJECT_VERSION = 1;
				GENERATE_INFOPLIST_FILE = YES;
				MARKETING_VERSION = 1.0;
				PRODUCT_BUNDLE_IDENTIFIER = com.daffashiddiq.PokemonUITests;
				PRODUCT_NAME = "$(TARGET_NAME)";
				SWIFT_EMIT_LOC_STRINGS = NO;
				SWIFT_VERSION = 5.0;
				TARGETED_DEVICE_FAMILY = "1,2";
				TEST_TARGET_NAME = Pokemon;
			};
			name = Release;
		};
/* End XCBuildConfiguration section */

/* Begin XCConfigurationList section */
		CCE4DFCB2ABAED6D00E765F1 /* Build configuration list for PBXProject "Pokemon" */ = {
			isa = XCConfigurationList;
			buildConfigurations = (
				CCE4DFF22ABAED7000E765F1 /* Debug */,
				CCE4DFF32ABAED7000E765F1 /* Release */,
			);
			defaultConfigurationIsVisible = 0;
			defaultConfigurationName = Release;
		};
		CCE4DFF42ABAED7000E765F1 /* Build configuration list for PBXNativeTarget "Pokemon" */ = {
			isa = XCConfigurationList;
			buildConfigurations = (
				CCE4DFF52ABAED7000E765F1 /* Debug */,
				CCE4DFF62ABAED7000E765F1 /* Release */,
			);
			defaultConfigurationIsVisible = 0;
			defaultConfigurationName = Release;
		};
		CCE4DFF72ABAED7000E765F1 /* Build configuration list for PBXNativeTarget "PokemonTests" */ = {
			isa = XCConfigurationList;
			buildConfigurations = (
				CCE4DFF82ABAED7000E765F1 /* Debug */,
				CCE4DFF92ABAED7000E765F1 /* Release */,
			);
			defaultConfigurationIsVisible = 0;
			defaultConfigurationName = Release;
		};
		CCE4DFFA2ABAED7000E765F1 /* Build configuration list for PBXNativeTarget "PokemonUITests" */ = {
			isa = XCConfigurationList;
			buildConfigurations = (
				CCE4DFFB2ABAED7000E765F1 /* Debug */,
				CCE4DFFC2ABAED7000E765F1 /* Release */,
			);
			defaultConfigurationIsVisible = 0;
			defaultConfigurationName = Release;
		};
/* End XCConfigurationList section */
	};
	rootObject = CCE4DFC82ABAED6D00E765F1 /* Project object */;
}
